
Microsoft Visual Studio Solution File, Format Version 12.00
# Visual Studio Version 16
VisualStudioVersion = 16.0.30523.141
MinimumVisualStudioVersion = 10.0.40219.1
Project("{FAE04EC0-301F-11D3-BF4B-00C04F79EFBC}") = "CRTLC", "CRTLC\CRTLC.csproj", "{C7CEEC48-F0FE-4B7F-8A3A-176D602AC68F}"
EndProject
Global
	GlobalSection(SolutionConfigurationPlatforms) = preSolution
		Debug|Any CPU = Debug|Any CPU
		Release|Any CPU = Release|Any CPU
	EndGlobalSection
	GlobalSection(ProjectConfigurationPlatforms) = postSolution
		{C7CEEC48-F0FE-4B7F-8A3A-176D602AC68F}.Debug|Any CPU.ActiveCfg = Debug|Any CPU
		{C7CEEC48-F0FE-4B7F-8A3A-176D602AC68F}.Debug|Any CPU.Build.0 = Debug|Any CPU
		{C7CEEC48-F0FE-4B7F-8A3A-176D602AC68F}.Release|Any CPU.ActiveCfg = Release|Any CPU
		{C7CEEC48-F0FE-4B7F-8A3A-176D602AC68F}.Release|Any CPU.Build.0 = Release|Any CPU
	EndGlobalSection
	GlobalSection(SolutionProperties) = preSolution
		HideSolutionNode = FALSE
	EndGlobalSection
	GlobalSection(ExtensibilityGlobals) = postSolution
		SolutionGuid = {FD176D8C-42C8-45F4-AA45-97A9AC332F43}
	EndGlobalSection
EndGlobal
